
Microsoft Visual Studio Solution File, Format Version 12.00
# Visual Studio Version 17
VisualStudioVersion = 17.1.32328.378
MinimumVisualStudioVersion = 10.0.40219.1
Project("{FAE04EC0-301F-11D3-BF4B-00C04F79EFBC}") = "PetonaDesktop", "PetonaDesktop\PetonaDesktop.csproj", "{A687192A-FA37-4C6F-88B8-8FCCAC696986}"
EndProject
Global
	GlobalSection(SolutionConfigurationPlatforms) = preSolution
		Debug|Any CPU = Debug|Any CPU
		Release|Any CPU = Release|Any CPU
	EndGlobalSection
	GlobalSection(ProjectConfigurationPlatforms) = postSolution
		{A687192A-FA37-4C6F-88B8-8FCCAC696986}.Debug|Any CPU.ActiveCfg = Debug|Any CPU
		{A687192A-FA37-4C6F-88B8-8FCCAC696986}.Debug|Any CPU.Build.0 = Debug|Any CPU
		{A687192A-FA37-4C6F-88B8-8FCCAC696986}.Release|Any CPU.ActiveCfg = Release|Any CPU
		{A687192A-FA37-4C6F-88B8-8FCCAC696986}.Release|Any CPU.Build.0 = Release|Any CPU
	EndGlobalSection
	GlobalSection(SolutionProperties) = preSolution
		HideSolutionNode = FALSE
	EndGlobalSection
	GlobalSection(ExtensibilityGlobals) = postSolution
		SolutionGuid = {B10CEDEC-A29F-4717-B782-7E86551709CE}
	EndGlobalSection
EndGlobal
